
Microsoft Visual Studio Solution File, Format Version 12.00
# Visual Studio Version 16
VisualStudioVersion = 16.0.29613.14
MinimumVisualStudioVersion = 10.0.40219.1
Project("{FAE04EC0-301F-11D3-BF4B-00C04F79EFBC}") = "DemoApp", "DemoApp\DemoApp.csproj", "{5CBBE96C-9221-48E0-8E60-ED6522CCF3A5}"
EndProject
Project("{FAE04EC0-301F-11D3-BF4B-00C04F79EFBC}") = "DockPanelSplitter", "DockPanelSplitter\DockPanelSplitter.csproj", "{29569E9D-554F-43AB-9C1A-F9FC7FA4ECD3}"
EndProject
Global
	GlobalSection(SolutionConfigurationPlatforms) = preSolution
		Debug|Any CPU = Debug|Any CPU
		Release|Any CPU = Release|Any CPU
	EndGlobalSection
	GlobalSection(ProjectConfigurationPlatforms) = postSolution
		{29569E9D-554F-43AB-9C1A-F9FC7FA4ECD3}.Debug|Any CPU.ActiveCfg = Debug|Any CPU
		{29569E9D-554F-43AB-9C1A-F9FC7FA4ECD3}.Debug|Any CPU.Build.0 = Debug|Any CPU
		{29569E9D-554F-43AB-9C1A-F9FC7FA4ECD3}.Release|Any CPU.ActiveCfg = Release|Any CPU
		{29569E9D-554F-43AB-9C1A-F9FC7FA4ECD3}.Release|Any CPU.Build.0 = Release|Any CPU
		{5CBBE96C-9221-48E0-8E60-ED6522CCF3A5}.Debug|Any CPU.ActiveCfg = Debug|Any CPU
		{5CBBE96C-9221-48E0-8E60-ED6522CCF3A5}.Debug|Any CPU.Build.0 = Debug|Any CPU
		{5CBBE96C-9221-48E0-8E60-ED6522CCF3A5}.Release|Any CPU.ActiveCfg = Release|Any CPU
		{5CBBE96C-9221-48E0-8E60-ED6522CCF3A5}.Release|Any CPU.Build.0 = Release|Any CPU
	EndGlobalSection
	GlobalSection(SolutionProperties) = preSolution
		HideSolutionNode = FALSE
	EndGlobalSection
	GlobalSection(ExtensibilityGlobals) = postSolution
		SolutionGuid = {98B76905-C068-40D4-8215-E1D3CDC2CF0A}
	EndGlobalSection
EndGlobal
