
Microsoft Visual Studio Solution File, Format Version 12.00
# Visual Studio Version 16
VisualStudioVersion = 16.0.29613.14
MinimumVisualStudioVersion = 10.0.40219.1
Project("{9A19103F-16F7-4668-BE54-9A1E7A4F7556}") = "DemoApp", "DemoApp\DemoApp.csproj", "{5CBBE96C-9221-48E0-8E60-ED6522CCF3A5}"
EndProject
Project("{9A19103F-16F7-4668-BE54-9A1E7A4F7556}") = "DockPanelSplitter", "DockPanelSplitter\DockPanelSplitter.csproj", "{29569E9D-554F-43AB-9C1A-F9FC7FA4ECD3}"
EndProject
Project("{2150E333-8FDC-42A3-9474-1A3956D46DE8}") = "Solution Items", "Solution Items", "{87285E0D-489B-4FCA-ACFF-1A6A154C62AE}"
	ProjectSection(SolutionItems) = preProject
		.editorconfig = .editorconfig
		License.txt = License.txt
		ReadMe.md = ReadMe.md
	EndProjectSection
EndProject
Global
	GlobalSection(SolutionConfigurationPlatforms) = preSolution
		Debug|Any CPU = Debug|Any CPU
		Release|Any CPU = Release|Any CPU
	EndGlobalSection
	GlobalSection(ProjectConfigurationPlatforms) = postSolution
		{5CBBE96C-9221-48E0-8E60-ED6522CCF3A5}.Debug|Any CPU.ActiveCfg = Debug|Any CPU
		{5CBBE96C-9221-48E0-8E60-ED6522CCF3A5}.Debug|Any CPU.Build.0 = Debug|Any CPU
		{5CBBE96C-9221-48E0-8E60-ED6522CCF3A5}.Release|Any CPU.ActiveCfg = Release|Any CPU
		{5CBBE96C-9221-48E0-8E60-ED6522CCF3A5}.Release|Any CPU.Build.0 = Release|Any CPU
		{29569E9D-554F-43AB-9C1A-F9FC7FA4ECD3}.Debug|Any CPU.ActiveCfg = Debug|Any CPU
		{29569E9D-554F-43AB-9C1A-F9FC7FA4ECD3}.Debug|Any CPU.Build.0 = Debug|Any CPU
		{29569E9D-554F-43AB-9C1A-F9FC7FA4ECD3}.Release|Any CPU.ActiveCfg = Release|Any CPU
		{29569E9D-554F-43AB-9C1A-F9FC7FA4ECD3}.Release|Any CPU.Build.0 = Release|Any CPU
	EndGlobalSection
	GlobalSection(SolutionProperties) = preSolution
		HideSolutionNode = FALSE
	EndGlobalSection
	GlobalSection(ExtensibilityGlobals) = postSolution
		SolutionGuid = {98B76905-C068-40D4-8215-E1D3CDC2CF0A}
	EndGlobalSection
EndGlobal
